// !$*UTF8*$!
{
	archiveVersion = 1;
	classes = {
	};
	objectVersion = 46;
	objects = {

/* Begin PBXBuildFile section */
		2677802218E2D413003990E9 /* ieper.mbtiles in Resources */ = {isa = PBXBuildFile; fileRef = 2677802118E2D413003990E9 /* ieper.mbtiles */; };
		2677802318E2D413003990E9 /* ieper.mbtiles in Resources */ = {isa = PBXBuildFile; fileRef = 2677802118E2D413003990E9 /* ieper.mbtiles */; };
		2677802818E3391B003990E9 /* ieper_straten.mbtiles in Resources */ = {isa = PBXBuildFile; fileRef = 2677802718E3391B003990E9 /* ieper_straten.mbtiles */; };
		2677802918E3391B003990E9 /* ieper_straten.mbtiles in Resources */ = {isa = PBXBuildFile; fileRef = 2677802718E3391B003990E9 /* ieper_straten.mbtiles */; };
		2677803518E38A19003990E9 /* NavigationViewController+Retro.m in Sources */ = {isa = PBXBuildFile; fileRef = 2677803418E38A19003990E9 /* NavigationViewController+Retro.m */; };
		2677803618E38A19003990E9 /* NavigationViewController+Retro.m in Sources */ = {isa = PBXBuildFile; fileRef = 2677803418E38A19003990E9 /* NavigationViewController+Retro.m */; };
		2677803818E39601003990E9 /* Albertsthal-Typewriter.ttf in Resources */ = {isa = PBXBuildFile; fileRef = 2677803718E39601003990E9 /* Albertsthal-Typewriter.ttf */; };
		2677803C18E3A358003990E9 /* HelpView.m in Sources */ = {isa = PBXBuildFile; fileRef = 2677803B18E3A358003990E9 /* HelpView.m */; };
		2677803F18E3A38F003990E9 /* HelpViewController.m in Sources */ = {isa = PBXBuildFile; fileRef = 2677803E18E3A38E003990E9 /* HelpViewController.m */; };
		2683C21118E16B29005CAA4A /* Foundation.framework in Frameworks */ = {isa = PBXBuildFile; fileRef = 2683C21018E16B29005CAA4A /* Foundation.framework */; };
		2683C21318E16B29005CAA4A /* CoreGraphics.framework in Frameworks */ = {isa = PBXBuildFile; fileRef = 2683C21218E16B29005CAA4A /* CoreGraphics.framework */; };
		2683C21518E16B29005CAA4A /* UIKit.framework in Frameworks */ = {isa = PBXBuildFile; fileRef = 2683C21418E16B29005CAA4A /* UIKit.framework */; };
		2683C21718E16B29005CAA4A /* CoreData.framework in Frameworks */ = {isa = PBXBuildFile; fileRef = 2683C21618E16B29005CAA4A /* CoreData.framework */; };
		2683C21D18E16B2A005CAA4A /* InfoPlist.strings in Resources */ = {isa = PBXBuildFile; fileRef = 2683C21B18E16B2A005CAA4A /* InfoPlist.strings */; };
		2683C21F18E16B2A005CAA4A /* main.m in Sources */ = {isa = PBXBuildFile; fileRef = 2683C21E18E16B2A005CAA4A /* main.m */; };
		2683C22318E16B2A005CAA4A /* AppDelegate.m in Sources */ = {isa = PBXBuildFile; fileRef = 2683C22218E16B2A005CAA4A /* AppDelegate.m */; };
		2683C22618E16B2A005CAA4A /* _00jaargeleden.xcdatamodeld in Sources */ = {isa = PBXBuildFile; fileRef = 2683C22418E16B2A005CAA4A /* _00jaargeleden.xcdatamodeld */; };
		2683C22818E16B2A005CAA4A /* Images.xcassets in Resources */ = {isa = PBXBuildFile; fileRef = 2683C22718E16B2A005CAA4A /* Images.xcassets */; };
		2683C22F18E16B2A005CAA4A /* XCTest.framework in Frameworks */ = {isa = PBXBuildFile; fileRef = 2683C22E18E16B2A005CAA4A /* XCTest.framework */; };
		2683C23018E16B2A005CAA4A /* Foundation.framework in Frameworks */ = {isa = PBXBuildFile; fileRef = 2683C21018E16B29005CAA4A /* Foundation.framework */; };
		2683C23118E16B2A005CAA4A /* UIKit.framework in Frameworks */ = {isa = PBXBuildFile; fileRef = 2683C21418E16B29005CAA4A /* UIKit.framework */; };
		2683C23218E16B2A005CAA4A /* CoreData.framework in Frameworks */ = {isa = PBXBuildFile; fileRef = 2683C21618E16B29005CAA4A /* CoreData.framework */; };
		2683C23A18E16B2A005CAA4A /* InfoPlist.strings in Resources */ = {isa = PBXBuildFile; fileRef = 2683C23818E16B2A005CAA4A /* InfoPlist.strings */; };
		2683C23C18E16B2A005CAA4A /* _00jaargeledenTests.m in Sources */ = {isa = PBXBuildFile; fileRef = 2683C23B18E16B2A005CAA4A /* _00jaargeledenTests.m */; };
		2683C24C18E17C8F005CAA4A /* MainViewController.m in Sources */ = {isa = PBXBuildFile; fileRef = 2683C24B18E17C8F005CAA4A /* MainViewController.m */; };
		2683C25018E18167005CAA4A /* StartView.m in Sources */ = {isa = PBXBuildFile; fileRef = 2683C24F18E18167005CAA4A /* StartView.m */; };
		2683C25A18E1AEFD005CAA4A /* MapView.m in Sources */ = {isa = PBXBuildFile; fileRef = 2683C25918E1AEFD005CAA4A /* MapView.m */; };
		2683C26018E1B31D005CAA4A /* MapViewController.m in Sources */ = {isa = PBXBuildFile; fileRef = 2683C25F18E1B31D005CAA4A /* MapViewController.m */; };
		2683C26918E1B612005CAA4A /* DiaryView.m in Sources */ = {isa = PBXBuildFile; fileRef = 2683C26818E1B612005CAA4A /* DiaryView.m */; };
		2683C26D18E1B9F0005CAA4A /* NavigationViewController.m in Sources */ = {isa = PBXBuildFile; fileRef = 2683C26C18E1B9F0005CAA4A /* NavigationViewController.m */; };
		9DB1BD1CBD444532873152BC /* libPods.a in Frameworks */ = {isa = PBXBuildFile; fileRef = 85CBA8A98B4E419C95D85AD1 /* libPods.a */; };
/* End PBXBuildFile section */

/* Begin PBXContainerItemProxy section */
		2683C23318E16B2A005CAA4A /* PBXContainerItemProxy */ = {
			isa = PBXContainerItemProxy;
			containerPortal = 2683C20518E16B29005CAA4A /* Project object */;
			proxyType = 1;
			remoteGlobalIDString = 2683C20C18E16B29005CAA4A;
			remoteInfo = 100jaargeleden;
		};
/* End PBXContainerItemProxy section */

/* Begin PBXFileReference section */
		056BBF53E3224634B4D3CA20 /* Pods.xcconfig */ = {isa = PBXFileReference; includeInIndex = 1; lastKnownFileType = text.xcconfig; name = Pods.xcconfig; path = Pods/Pods.xcconfig; sourceTree = "<group>"; };
		2677802118E2D413003990E9 /* ieper.mbtiles */ = {isa = PBXFileReference; lastKnownFileType = file; path = ieper.mbtiles; sourceTree = "<group>"; };
		2677802718E3391B003990E9 /* ieper_straten.mbtiles */ = {isa = PBXFileReference; lastKnownFileType = file; name = ieper_straten.mbtiles; path = ../ieper_straten.mbtiles; sourceTree = "<group>"; };
		2677803318E38A19003990E9 /* NavigationViewController+Retro.h */ = {isa = PBXFileReference; fileEncoding = 4; lastKnownFileType = sourcecode.c.h; path = "NavigationViewController+Retro.h"; sourceTree = "<group>"; };
		2677803418E38A19003990E9 /* NavigationViewController+Retro.m */ = {isa = PBXFileReference; fileEncoding = 4; lastKnownFileType = sourcecode.c.objc; path = "NavigationViewController+Retro.m"; sourceTree = "<group>"; };
		2677803718E39601003990E9 /* Albertsthal-Typewriter.ttf */ = {isa = PBXFileReference; lastKnownFileType = file; path = "Albertsthal-Typewriter.ttf"; sourceTree = "<group>"; };
		2677803A18E3A358003990E9 /* HelpView.h */ = {isa = PBXFileReference; fileEncoding = 4; lastKnownFileType = sourcecode.c.h; path = HelpView.h; sourceTree = "<group>"; };
		2677803B18E3A358003990E9 /* HelpView.m */ = {isa = PBXFileReference; fileEncoding = 4; lastKnownFileType = sourcecode.c.objc; path = HelpView.m; sourceTree = "<group>"; };
		2677803D18E3A38E003990E9 /* HelpViewController.h */ = {isa = PBXFileReference; fileEncoding = 4; lastKnownFileType = sourcecode.c.h; path = HelpViewController.h; sourceTree = "<group>"; };
		2677803E18E3A38E003990E9 /* HelpViewController.m */ = {isa = PBXFileReference; fileEncoding = 4; lastKnownFileType = sourcecode.c.objc; path = HelpViewController.m; sourceTree = "<group>"; };
		2683C20D18E16B29005CAA4A /* 100jaargeleden.app */ = {isa = PBXFileReference; explicitFileType = wrapper.application; includeInIndex = 0; path = 100jaargeleden.app; sourceTree = BUILT_PRODUCTS_DIR; };
		2683C21018E16B29005CAA4A /* Foundation.framework */ = {isa = PBXFileReference; lastKnownFileType = wrapper.framework; name = Foundation.framework; path = System/Library/Frameworks/Foundation.framework; sourceTree = SDKROOT; };
		2683C21218E16B29005CAA4A /* CoreGraphics.framework */ = {isa = PBXFileReference; lastKnownFileType = wrapper.framework; name = CoreGraphics.framework; path = System/Library/Frameworks/CoreGraphics.framework; sourceTree = SDKROOT; };
		2683C21418E16B29005CAA4A /* UIKit.framework */ = {isa = PBXFileReference; lastKnownFileType = wrapper.framework; name = UIKit.framework; path = System/Library/Frameworks/UIKit.framework; sourceTree = SDKROOT; };
		2683C21618E16B29005CAA4A /* CoreData.framework */ = {isa = PBXFileReference; lastKnownFileType = wrapper.framework; name = CoreData.framework; path = System/Library/Frameworks/CoreData.framework; sourceTree = SDKROOT; };
		2683C21A18E16B2A005CAA4A /* 100jaargeleden-Info.plist */ = {isa = PBXFileReference; lastKnownFileType = text.plist.xml; path = "100jaargeleden-Info.plist"; sourceTree = "<group>"; };
		2683C21C18E16B2A005CAA4A /* en */ = {isa = PBXFileReference; lastKnownFileType = text.plist.strings; name = en; path = en.lproj/InfoPlist.strings; sourceTree = "<group>"; };
		2683C21E18E16B2A005CAA4A /* main.m */ = {isa = PBXFileReference; lastKnownFileType = sourcecode.c.objc; path = main.m; sourceTree = "<group>"; };
		2683C22018E16B2A005CAA4A /* 100jaargeleden-Prefix.pch */ = {isa = PBXFileReference; lastKnownFileType = sourcecode.c.h; path = "100jaargeleden-Prefix.pch"; sourceTree = "<group>"; };
		2683C22118E16B2A005CAA4A /* AppDelegate.h */ = {isa = PBXFileReference; lastKnownFileType = sourcecode.c.h; path = AppDelegate.h; sourceTree = "<group>"; };
		2683C22218E16B2A005CAA4A /* AppDelegate.m */ = {isa = PBXFileReference; lastKnownFileType = sourcecode.c.objc; path = AppDelegate.m; sourceTree = "<group>"; };
		2683C22518E16B2A005CAA4A /* _00jaargeleden.xcdatamodel */ = {isa = PBXFileReference; lastKnownFileType = wrapper.xcdatamodel; path = _00jaargeleden.xcdatamodel; sourceTree = "<group>"; };
		2683C22718E16B2A005CAA4A /* Images.xcassets */ = {isa = PBXFileReference; lastKnownFileType = folder.assetcatalog; path = Images.xcassets; sourceTree = "<group>"; };
		2683C22D18E16B2A005CAA4A /* 100jaargeledenTests.xctest */ = {isa = PBXFileReference; explicitFileType = wrapper.cfbundle; includeInIndex = 0; path = 100jaargeledenTests.xctest; sourceTree = BUILT_PRODUCTS_DIR; };
		2683C22E18E16B2A005CAA4A /* XCTest.framework */ = {isa = PBXFileReference; lastKnownFileType = wrapper.framework; name = XCTest.framework; path = Library/Frameworks/XCTest.framework; sourceTree = DEVELOPER_DIR; };
		2683C23718E16B2A005CAA4A /* 100jaargeledenTests-Info.plist */ = {isa = PBXFileReference; lastKnownFileType = text.plist.xml; path = "100jaargeledenTests-Info.plist"; sourceTree = "<group>"; };
		2683C23918E16B2A005CAA4A /* en */ = {isa = PBXFileReference; lastKnownFileType = text.plist.strings; name = en; path = en.lproj/InfoPlist.strings; sourceTree = "<group>"; };
		2683C23B18E16B2A005CAA4A /* _00jaargeledenTests.m */ = {isa = PBXFileReference; lastKnownFileType = sourcecode.c.objc; path = _00jaargeledenTests.m; sourceTree = "<group>"; };
		2683C24A18E17C8F005CAA4A /* MainViewController.h */ = {isa = PBXFileReference; fileEncoding = 4; lastKnownFileType = sourcecode.c.h; path = MainViewController.h; sourceTree = "<group>"; };
		2683C24B18E17C8F005CAA4A /* MainViewController.m */ = {isa = PBXFileReference; fileEncoding = 4; lastKnownFileType = sourcecode.c.objc; path = MainViewController.m; sourceTree = "<group>"; };
		2683C24E18E18167005CAA4A /* StartView.h */ = {isa = PBXFileReference; fileEncoding = 4; lastKnownFileType = sourcecode.c.h; path = StartView.h; sourceTree = "<group>"; };
		2683C24F18E18167005CAA4A /* StartView.m */ = {isa = PBXFileReference; fileEncoding = 4; lastKnownFileType = sourcecode.c.objc; path = StartView.m; sourceTree = "<group>"; };
		2683C25418E19982005CAA4A /* StartViewDelegate.h */ = {isa = PBXFileReference; lastKnownFileType = sourcecode.c.h; path = StartViewDelegate.h; sourceTree = "<group>"; };
		2683C25818E1AEFD005CAA4A /* MapView.h */ = {isa = PBXFileReference; fileEncoding = 4; lastKnownFileType = sourcecode.c.h; path = MapView.h; sourceTree = "<group>"; };
		2683C25918E1AEFD005CAA4A /* MapView.m */ = {isa = PBXFileReference; fileEncoding = 4; lastKnownFileType = sourcecode.c.objc; path = MapView.m; sourceTree = "<group>"; };
		2683C25E18E1B31D005CAA4A /* MapViewController.h */ = {isa = PBXFileReference; fileEncoding = 4; lastKnownFileType = sourcecode.c.h; path = MapViewController.h; sourceTree = "<group>"; };
		2683C25F18E1B31D005CAA4A /* MapViewController.m */ = {isa = PBXFileReference; fileEncoding = 4; lastKnownFileType = sourcecode.c.objc; path = MapViewController.m; sourceTree = "<group>"; };
		2683C26718E1B612005CAA4A /* DiaryView.h */ = {isa = PBXFileReference; fileEncoding = 4; lastKnownFileType = sourcecode.c.h; path = DiaryView.h; sourceTree = "<group>"; };
		2683C26818E1B612005CAA4A /* DiaryView.m */ = {isa = PBXFileReference; fileEncoding = 4; lastKnownFileType = sourcecode.c.objc; path = DiaryView.m; sourceTree = "<group>"; };
		2683C26B18E1B9F0005CAA4A /* NavigationViewController.h */ = {isa = PBXFileReference; fileEncoding = 4; lastKnownFileType = sourcecode.c.h; path = NavigationViewController.h; sourceTree = "<group>"; };
		2683C26C18E1B9F0005CAA4A /* NavigationViewController.m */ = {isa = PBXFileReference; fileEncoding = 4; lastKnownFileType = sourcecode.c.objc; path = NavigationViewController.m; sourceTree = "<group>"; };
		85CBA8A98B4E419C95D85AD1 /* libPods.a */ = {isa = PBXFileReference; explicitFileType = archive.ar; includeInIndex = 0; path = libPods.a; sourceTree = BUILT_PRODUCTS_DIR; };
/* End PBXFileReference section */

/* Begin PBXFrameworksBuildPhase section */
		2683C20A18E16B29005CAA4A /* Frameworks */ = {
			isa = PBXFrameworksBuildPhase;
			buildActionMask = 2147483647;
			files = (
				2683C21318E16B29005CAA4A /* CoreGraphics.framework in Frameworks */,
				2683C21718E16B29005CAA4A /* CoreData.framework in Frameworks */,
				2683C21518E16B29005CAA4A /* UIKit.framework in Frameworks */,
				2683C21118E16B29005CAA4A /* Foundation.framework in Frameworks */,
				9DB1BD1CBD444532873152BC /* libPods.a in Frameworks */,
			);
			runOnlyForDeploymentPostprocessing = 0;
		};
		2683C22A18E16B2A005CAA4A /* Frameworks */ = {
			isa = PBXFrameworksBuildPhase;
			buildActionMask = 2147483647;
			files = (
				2683C22F18E16B2A005CAA4A /* XCTest.framework in Frameworks */,
				2683C23218E16B2A005CAA4A /* CoreData.framework in Frameworks */,
				2683C23118E16B2A005CAA4A /* UIKit.framework in Frameworks */,
				2683C23018E16B2A005CAA4A /* Foundation.framework in Frameworks */,
			);
			runOnlyForDeploymentPostprocessing = 0;
		};
/* End PBXFrameworksBuildPhase section */

/* Begin PBXGroup section */
		2677802A18E3872E003990E9 /* NavigationViewController */ = {
			isa = PBXGroup;
			children = (
				2683C26B18E1B9F0005CAA4A /* NavigationViewController.h */,
				2683C26C18E1B9F0005CAA4A /* NavigationViewController.m */,
			);
			name = NavigationViewController;
			sourceTree = "<group>";
		};
		2677803918E3A33E003990E9 /* help */ = {
			isa = PBXGroup;
			children = (
				2677803A18E3A358003990E9 /* HelpView.h */,
				2677803B18E3A358003990E9 /* HelpView.m */,
			);
			name = help;
			sourceTree = "<group>";
		};
		2683C20418E16B29005CAA4A = {
			isa = PBXGroup;
			children = (
				2677802118E2D413003990E9 /* ieper.mbtiles */,
				2683C21818E16B2A005CAA4A /* 100jaargeleden */,
				2683C23518E16B2A005CAA4A /* 100jaargeledenTests */,
				2683C20F18E16B29005CAA4A /* Frameworks */,
				2683C20E18E16B29005CAA4A /* Products */,
				056BBF53E3224634B4D3CA20 /* Pods.xcconfig */,
			);
			sourceTree = "<group>";
		};
		2683C20E18E16B29005CAA4A /* Products */ = {
			isa = PBXGroup;
			children = (
				2683C20D18E16B29005CAA4A /* 100jaargeleden.app */,
				2683C22D18E16B2A005CAA4A /* 100jaargeledenTests.xctest */,
			);
			name = Products;
			sourceTree = "<group>";
		};
		2683C20F18E16B29005CAA4A /* Frameworks */ = {
			isa = PBXGroup;
			children = (
				2683C21018E16B29005CAA4A /* Foundation.framework */,
				2683C21218E16B29005CAA4A /* CoreGraphics.framework */,
				2683C21418E16B29005CAA4A /* UIKit.framework */,
				2683C21618E16B29005CAA4A /* CoreData.framework */,
				2683C22E18E16B2A005CAA4A /* XCTest.framework */,
				85CBA8A98B4E419C95D85AD1 /* libPods.a */,
			);
			name = Frameworks;
			sourceTree = "<group>";
		};
		2683C21818E16B2A005CAA4A /* 100jaargeleden */ = {
			isa = PBXGroup;
			children = (
				2683C22118E16B2A005CAA4A /* AppDelegate.h */,
				2683C22218E16B2A005CAA4A /* AppDelegate.m */,
				2683C24D18E18129005CAA4A /* views */,
				2683C24918E17C52005CAA4A /* ViewControllers */,
				2683C22718E16B2A005CAA4A /* Images.xcassets */,
				2683C22418E16B2A005CAA4A /* _00jaargeleden.xcdatamodeld */,
				2683C21918E16B2A005CAA4A /* Supporting Files */,
			);
			path = 100jaargeleden;
			sourceTree = "<group>";
		};
		2683C21918E16B2A005CAA4A /* Supporting Files */ = {
			isa = PBXGroup;
			children = (
				2677803718E39601003990E9 /* Albertsthal-Typewriter.ttf */,
				2677802718E3391B003990E9 /* ieper_straten.mbtiles */,
				2683C21A18E16B2A005CAA4A /* 100jaargeleden-Info.plist */,
				2683C21B18E16B2A005CAA4A /* InfoPlist.strings */,
				2683C21E18E16B2A005CAA4A /* main.m */,
				2683C22018E16B2A005CAA4A /* 100jaargeleden-Prefix.pch */,
			);
			name = "Supporting Files";
			sourceTree = "<group>";
		};
		2683C23518E16B2A005CAA4A /* 100jaargeledenTests */ = {
			isa = PBXGroup;
			children = (
				2683C23B18E16B2A005CAA4A /* _00jaargeledenTests.m */,
				2683C23618E16B2A005CAA4A /* Supporting Files */,
			);
			path = 100jaargeledenTests;
			sourceTree = "<group>";
		};
		2683C23618E16B2A005CAA4A /* Supporting Files */ = {
			isa = PBXGroup;
			children = (
				2683C23718E16B2A005CAA4A /* 100jaargeledenTests-Info.plist */,
				2683C23818E16B2A005CAA4A /* InfoPlist.strings */,
			);
			name = "Supporting Files";
			sourceTree = "<group>";
		};
		2683C24918E17C52005CAA4A /* ViewControllers */ = {
			isa = PBXGroup;
			children = (
				2683C24A18E17C8F005CAA4A /* MainViewController.h */,
				2683C24B18E17C8F005CAA4A /* MainViewController.m */,
				2683C25E18E1B31D005CAA4A /* MapViewController.h */,
				2683C25F18E1B31D005CAA4A /* MapViewController.m */,
				2677802A18E3872E003990E9 /* NavigationViewController */,
				2677803318E38A19003990E9 /* NavigationViewController+Retro.h */,
				2677803418E38A19003990E9 /* NavigationViewController+Retro.m */,
				2677803D18E3A38E003990E9 /* HelpViewController.h */,
				2677803E18E3A38E003990E9 /* HelpViewController.m */,
			);
			name = ViewControllers;
			sourceTree = "<group>";
		};
		2683C24D18E18129005CAA4A /* views */ = {
			isa = PBXGroup;
			children = (
				2677803918E3A33E003990E9 /* help */,
				2683C26A18E1B617005CAA4A /* Diary */,
				2683C25718E1AECC005CAA4A /* map */,
				2683C25618E1AEBF005CAA4A /* intro */,
			);
			name = views;
			sourceTree = "<group>";
		};
		2683C25618E1AEBF005CAA4A /* intro */ = {
			isa = PBXGroup;
			children = (
				2683C25418E19982005CAA4A /* StartViewDelegate.h */,
				2683C24E18E18167005CAA4A /* StartView.h */,
				2683C24F18E18167005CAA4A /* StartView.m */,
			);
			name = intro;
			sourceTree = "<group>";
		};
		2683C25718E1AECC005CAA4A /* map */ = {
			isa = PBXGroup;
			children = (
				2683C25818E1AEFD005CAA4A /* MapView.h */,
				2683C25918E1AEFD005CAA4A /* MapView.m */,
			);
			name = map;
			sourceTree = "<group>";
		};
		2683C26A18E1B617005CAA4A /* Diary */ = {
			isa = PBXGroup;
			children = (
				2683C26718E1B612005CAA4A /* DiaryView.h */,
				2683C26818E1B612005CAA4A /* DiaryView.m */,
			);
			name = Diary;
			sourceTree = "<group>";
		};
/* End PBXGroup section */

/* Begin PBXNativeTarget section */
		2683C20C18E16B29005CAA4A /* 100jaargeleden */ = {
			isa = PBXNativeTarget;
			buildConfigurationList = 2683C23F18E16B2A005CAA4A /* Build configuration list for PBXNativeTarget "100jaargeleden" */;
			buildPhases = (
				349AAA77965043378660CDBE /* Check Pods Manifest.lock */,
				2683C20918E16B29005CAA4A /* Sources */,
				2683C20A18E16B29005CAA4A /* Frameworks */,
				2683C20B18E16B29005CAA4A /* Resources */,
				DCB99577F8714399ACC2524C /* Copy Pods Resources */,
			);
			buildRules = (
			);
			dependencies = (
			);
			name = 100jaargeleden;
			productName = 100jaargeleden;
			productReference = 2683C20D18E16B29005CAA4A /* 100jaargeleden.app */;
			productType = "com.apple.product-type.application";
		};
		2683C22C18E16B2A005CAA4A /* 100jaargeledenTests */ = {
			isa = PBXNativeTarget;
			buildConfigurationList = 2683C24218E16B2A005CAA4A /* Build configuration list for PBXNativeTarget "100jaargeledenTests" */;
			buildPhases = (
				2683C22918E16B2A005CAA4A /* Sources */,
				2683C22A18E16B2A005CAA4A /* Frameworks */,
				2683C22B18E16B2A005CAA4A /* Resources */,
			);
			buildRules = (
			);
			dependencies = (
				2683C23418E16B2A005CAA4A /* PBXTargetDependency */,
			);
			name = 100jaargeledenTests;
			productName = 100jaargeledenTests;
			productReference = 2683C22D18E16B2A005CAA4A /* 100jaargeledenTests.xctest */;
			productType = "com.apple.product-type.bundle.unit-test";
		};
/* End PBXNativeTarget section */

/* Begin PBXProject section */
		2683C20518E16B29005CAA4A /* Project object */ = {
			isa = PBXProject;
			attributes = {
				LastUpgradeCheck = 0510;
				ORGANIZATIONNAME = "Sven Lombaert";
				TargetAttributes = {
					2683C20C18E16B29005CAA4A = {
						DevelopmentTeam = 9RZW73LTB7;
					};
					2683C22C18E16B2A005CAA4A = {
						TestTargetID = 2683C20C18E16B29005CAA4A;
					};
				};
			};
			buildConfigurationList = 2683C20818E16B29005CAA4A /* Build configuration list for PBXProject "100jaargeleden" */;
			compatibilityVersion = "Xcode 3.2";
			developmentRegion = English;
			hasScannedForEncodings = 0;
			knownRegions = (
				en,
			);
			mainGroup = 2683C20418E16B29005CAA4A;
			productRefGroup = 2683C20E18E16B29005CAA4A /* Products */;
			projectDirPath = "";
			projectRoot = "";
			targets = (
				2683C20C18E16B29005CAA4A /* 100jaargeleden */,
				2683C22C18E16B2A005CAA4A /* 100jaargeledenTests */,
			);
		};
/* End PBXProject section */

/* Begin PBXResourcesBuildPhase section */
		2683C20B18E16B29005CAA4A /* Resources */ = {
			isa = PBXResourcesBuildPhase;
			buildActionMask = 2147483647;
			files = (
				2677802818E3391B003990E9 /* ieper_straten.mbtiles in Resources */,
				2677803818E39601003990E9 /* Albertsthal-Typewriter.ttf in Resources */,
				2683C21D18E16B2A005CAA4A /* InfoPlist.strings in Resources */,
				2677802218E2D413003990E9 /* ieper.mbtiles in Resources */,
				2683C22818E16B2A005CAA4A /* Images.xcassets in Resources */,
			);
			runOnlyForDeploymentPostprocessing = 0;
		};
		2683C22B18E16B2A005CAA4A /* Resources */ = {
			isa = PBXResourcesBuildPhase;
			buildActionMask = 2147483647;
			files = (
				2677802318E2D413003990E9 /* ieper.mbtiles in Resources */,
				2683C23A18E16B2A005CAA4A /* InfoPlist.strings in Resources */,
				2677802918E3391B003990E9 /* ieper_straten.mbtiles in Resources */,
			);
			runOnlyForDeploymentPostprocessing = 0;
		};
/* End PBXResourcesBuildPhase section */

/* Begin PBXShellScriptBuildPhase section */
		349AAA77965043378660CDBE /* Check Pods Manifest.lock */ = {
			isa = PBXShellScriptBuildPhase;
			buildActionMask = 2147483647;
			files = (
			);
			inputPaths = (
			);
			name = "Check Pods Manifest.lock";
			outputPaths = (
			);
			runOnlyForDeploymentPostprocessing = 0;
			shellPath = /bin/sh;
			shellScript = "diff \"${PODS_ROOT}/../Podfile.lock\" \"${PODS_ROOT}/Manifest.lock\" > /dev/null\nif [[ $? != 0 ]] ; then\n    cat << EOM\nerror: The sandbox is not in sync with the Podfile.lock. Run 'pod install' or update your CocoaPods installation.\nEOM\n    exit 1\nfi\n";
			showEnvVarsInLog = 0;
		};
		DCB99577F8714399ACC2524C /* Copy Pods Resources */ = {
			isa = PBXShellScriptBuildPhase;
			buildActionMask = 2147483647;
			files = (
			);
			inputPaths = (
			);
			name = "Copy Pods Resources";
			outputPaths = (
			);
			runOnlyForDeploymentPostprocessing = 0;
			shellPath = /bin/sh;
			shellScript = "\"${SRCROOT}/Pods/Pods-resources.sh\"\n";
			showEnvVarsInLog = 0;
		};
/* End PBXShellScriptBuildPhase section */

/* Begin PBXSourcesBuildPhase section */
		2683C20918E16B29005CAA4A /* Sources */ = {
			isa = PBXSourcesBuildPhase;
			buildActionMask = 2147483647;
			files = (
				2683C22318E16B2A005CAA4A /* AppDelegate.m in Sources */,
				2683C26018E1B31D005CAA4A /* MapViewController.m in Sources */,
				2683C26D18E1B9F0005CAA4A /* NavigationViewController.m in Sources */,
				2683C26918E1B612005CAA4A /* DiaryView.m in Sources */,
				2683C21F18E16B2A005CAA4A /* main.m in Sources */,
				2683C22618E16B2A005CAA4A /* _00jaargeleden.xcdatamodeld in Sources */,
				2677803C18E3A358003990E9 /* HelpView.m in Sources */,
				2677803F18E3A38F003990E9 /* HelpViewController.m in Sources */,
				2683C25A18E1AEFD005CAA4A /* MapView.m in Sources */,
				2683C24C18E17C8F005CAA4A /* MainViewController.m in Sources */,
				2677803518E38A19003990E9 /* NavigationViewController+Retro.m in Sources */,
				2683C25018E18167005CAA4A /* StartView.m in Sources */,
			);
			runOnlyForDeploymentPostprocessing = 0;
		};
		2683C22918E16B2A005CAA4A /* Sources */ = {
			isa = PBXSourcesBuildPhase;
			buildActionMask = 2147483647;
			files = (
				2677803618E38A19003990E9 /* NavigationViewController+Retro.m in Sources */,
				2683C23C18E16B2A005CAA4A /* _00jaargeledenTests.m in Sources */,
			);
			runOnlyForDeploymentPostprocessing = 0;
		};
/* End PBXSourcesBuildPhase section */

/* Begin PBXTargetDependency section */
		2683C23418E16B2A005CAA4A /* PBXTargetDependency */ = {
			isa = PBXTargetDependency;
			target = 2683C20C18E16B29005CAA4A /* 100jaargeleden */;
			targetProxy = 2683C23318E16B2A005CAA4A /* PBXContainerItemProxy */;
		};
/* End PBXTargetDependency section */

/* Begin PBXVariantGroup section */
		2683C21B18E16B2A005CAA4A /* InfoPlist.strings */ = {
			isa = PBXVariantGroup;
			children = (
				2683C21C18E16B2A005CAA4A /* en */,
			);
			name = InfoPlist.strings;
			sourceTree = "<group>";
		};
		2683C23818E16B2A005CAA4A /* InfoPlist.strings */ = {
			isa = PBXVariantGroup;
			children = (
				2683C23918E16B2A005CAA4A /* en */,
			);
			name = InfoPlist.strings;
			sourceTree = "<group>";
		};
/* End PBXVariantGroup section */

/* Begin XCBuildConfiguration section */
		2683C23D18E16B2A005CAA4A /* Debug */ = {
			isa = XCBuildConfiguration;
			buildSettings = {
				ALWAYS_SEARCH_USER_PATHS = NO;
				CLANG_CXX_LANGUAGE_STANDARD = "gnu++0x";
				CLANG_CXX_LIBRARY = "libc++";
				CLANG_ENABLE_MODULES = YES;
				CLANG_ENABLE_OBJC_ARC = YES;
				CLANG_WARN_BOOL_CONVERSION = YES;
				CLANG_WARN_CONSTANT_CONVERSION = YES;
				CLANG_WARN_DIRECT_OBJC_ISA_USAGE = YES_ERROR;
				CLANG_WARN_EMPTY_BODY = YES;
				CLANG_WARN_ENUM_CONVERSION = YES;
				CLANG_WARN_INT_CONVERSION = YES;
				CLANG_WARN_OBJC_ROOT_CLASS = YES_ERROR;
				CLANG_WARN__DUPLICATE_METHOD_MATCH = YES;
				"CODE_SIGN_IDENTITY[sdk=iphoneos*]" = "iPhone Developer";
				COPY_PHASE_STRIP = NO;
				GCC_C_LANGUAGE_STANDARD = gnu99;
				GCC_DYNAMIC_NO_PIC = NO;
				GCC_OPTIMIZATION_LEVEL = 0;
				GCC_PREPROCESSOR_DEFINITIONS = (
					"DEBUG=1",
					"$(inherited)",
				);
				GCC_SYMBOLS_PRIVATE_EXTERN = NO;
				GCC_WARN_64_TO_32_BIT_CONVERSION = YES;
				GCC_WARN_ABOUT_RETURN_TYPE = YES_ERROR;
				GCC_WARN_UNDECLARED_SELECTOR = YES;
				GCC_WARN_UNINITIALIZED_AUTOS = YES_AGGRESSIVE;
				GCC_WARN_UNUSED_FUNCTION = YES;
				GCC_WARN_UNUSED_VARIABLE = YES;
				IPHONEOS_DEPLOYMENT_TARGET = 7.1;
				ONLY_ACTIVE_ARCH = YES;
				SDKROOT = iphoneos;
				TARGETED_DEVICE_FAMILY = 2;
			};
			name = Debug;
		};
		2683C23E18E16B2A005CAA4A /* Release */ = {
			isa = XCBuildConfiguration;
			buildSettings = {
				ALWAYS_SEARCH_USER_PATHS = NO;
				CLANG_CXX_LANGUAGE_STANDARD = "gnu++0x";
				CLANG_CXX_LIBRARY = "libc++";
				CLANG_ENABLE_MODULES = YES;
				CLANG_ENABLE_OBJC_ARC = YES;
				CLANG_WARN_BOOL_CONVERSION = YES;
				CLANG_WARN_CONSTANT_CONVERSION = YES;
				CLANG_WARN_DIRECT_OBJC_ISA_USAGE = YES_ERROR;
				CLANG_WARN_EMPTY_BODY = YES;
				CLANG_WARN_ENUM_CONVERSION = YES;
				CLANG_WARN_INT_CONVERSION = YES;
				CLANG_WARN_OBJC_ROOT_CLASS = YES_ERROR;
				CLANG_WARN__DUPLICATE_METHOD_MATCH = YES;
				"CODE_SIGN_IDENTITY[sdk=iphoneos*]" = "iPhone Developer";
				COPY_PHASE_STRIP = YES;
				ENABLE_NS_ASSERTIONS = NO;
				GCC_C_LANGUAGE_STANDARD = gnu99;
				GCC_WARN_64_TO_32_BIT_CONVERSION = YES;
				GCC_WARN_ABOUT_RETURN_TYPE = YES_ERROR;
				GCC_WARN_UNDECLARED_SELECTOR = YES;
				GCC_WARN_UNINITIALIZED_AUTOS = YES_AGGRESSIVE;
				GCC_WARN_UNUSED_FUNCTION = YES;
				GCC_WARN_UNUSED_VARIABLE = YES;
				IPHONEOS_DEPLOYMENT_TARGET = 7.1;
				SDKROOT = iphoneos;
				TARGETED_DEVICE_FAMILY = 2;
				VALIDATE_PRODUCT = YES;
			};
			name = Release;
		};
		2683C24018E16B2A005CAA4A /* Debug */ = {
			isa = XCBuildConfiguration;
			baseConfigurationReference = 056BBF53E3224634B4D3CA20 /* Pods.xcconfig */;
			buildSettings = {
				ASSETCATALOG_COMPILER_APPICON_NAME = AppIcon;
				ASSETCATALOG_COMPILER_LAUNCHIMAGE_NAME = LaunchImage;
				CODE_SIGN_IDENTITY = "iPhone Developer";
				"CODE_SIGN_IDENTITY[sdk=iphoneos*]" = "iPhone Developer";
				GCC_PRECOMPILE_PREFIX_HEADER = YES;
				GCC_PREFIX_HEADER = "100jaargeleden/100jaargeleden-Prefix.pch";
				INFOPLIST_FILE = "100jaargeleden/100jaargeleden-Info.plist";
				PRODUCT_NAME = "$(TARGET_NAME)";
				PROVISIONING_PROFILE = "";
				WRAPPER_EXTENSION = app;
			};
			name = Debug;
		};
		2683C24118E16B2A005CAA4A /* Release */ = {
			isa = XCBuildConfiguration;
			baseConfigurationReference = 056BBF53E3224634B4D3CA20 /* Pods.xcconfig */;
			buildSettings = {
				ASSETCATALOG_COMPILER_APPICON_NAME = AppIcon;
				ASSETCATALOG_COMPILER_LAUNCHIMAGE_NAME = LaunchImage;
				CODE_SIGN_IDENTITY = "iPhone Developer";
				"CODE_SIGN_IDENTITY[sdk=iphoneos*]" = "iPhone Developer";
				GCC_PRECOMPILE_PREFIX_HEADER = YES;
				GCC_PREFIX_HEADER = "100jaargeleden/100jaargeleden-Prefix.pch";
				INFOPLIST_FILE = "100jaargeleden/100jaargeleden-Info.plist";
				PRODUCT_NAME = "$(TARGET_NAME)";
				PROVISIONING_PROFILE = "";
				WRAPPER_EXTENSION = app;
			};
			name = Release;
		};
		2683C24318E16B2A005CAA4A /* Debug */ = {
			isa = XCBuildConfiguration;
			buildSettings = {
				BUNDLE_LOADER = "$(BUILT_PRODUCTS_DIR)/100jaargeleden.app/100jaargeleden";
				FRAMEWORK_SEARCH_PATHS = (
					"$(SDKROOT)/Developer/Library/Frameworks",
					"$(inherited)",
					"$(DEVELOPER_FRAMEWORKS_DIR)",
				);
				GCC_PRECOMPILE_PREFIX_HEADER = YES;
				GCC_PREFIX_HEADER = "100jaargeleden/100jaargeleden-Prefix.pch";
				GCC_PREPROCESSOR_DEFINITIONS = (
					"DEBUG=1",
					"$(inherited)",
				);
				INFOPLIST_FILE = "100jaargeledenTests/100jaargeledenTests-Info.plist";
				PRODUCT_NAME = "$(TARGET_NAME)";
				TEST_HOST = "$(BUNDLE_LOADER)";
				WRAPPER_EXTENSION = xctest;
			};
			name = Debug;
		};
		2683C24418E16B2A005CAA4A /* Release */ = {
			isa = XCBuildConfiguration;
			buildSettings = {
				BUNDLE_LOADER = "$(BUILT_PRODUCTS_DIR)/100jaargeleden.app/100jaargeleden";
				FRAMEWORK_SEARCH_PATHS = (
					"$(SDKROOT)/Developer/Library/Frameworks",
					"$(inherited)",
					"$(DEVELOPER_FRAMEWORKS_DIR)",
				);
				GCC_PRECOMPILE_PREFIX_HEADER = YES;
				GCC_PREFIX_HEADER = "100jaargeleden/100jaargeleden-Prefix.pch";
				INFOPLIST_FILE = "100jaargeledenTests/100jaargeledenTests-Info.plist";
				PRODUCT_NAME = "$(TARGET_NAME)";
				TEST_HOST = "$(BUNDLE_LOADER)";
				WRAPPER_EXTENSION = xctest;
			};
			name = Release;
		};
/* End XCBuildConfiguration section */

/* Begin XCConfigurationList section */
		2683C20818E16B29005CAA4A /* Build configuration list for PBXProject "100jaargeleden" */ = {
			isa = XCConfigurationList;
			buildConfigurations = (
				2683C23D18E16B2A005CAA4A /* Debug */,
				2683C23E18E16B2A005CAA4A /* Release */,
			);
			defaultConfigurationIsVisible = 0;
			defaultConfigurationName = Release;
		};
		2683C23F18E16B2A005CAA4A /* Build configuration list for PBXNativeTarget "100jaargeleden" */ = {
			isa = XCConfigurationList;
			buildConfigurations = (
				2683C24018E16B2A005CAA4A /* Debug */,
				2683C24118E16B2A005CAA4A /* Release */,
			);
			defaultConfigurationIsVisible = 0;
			defaultConfigurationName = Release;
		};
		2683C24218E16B2A005CAA4A /* Build configuration list for PBXNativeTarget "100jaargeledenTests" */ = {
			isa = XCConfigurationList;
			buildConfigurations = (
				2683C24318E16B2A005CAA4A /* Debug */,
				2683C24418E16B2A005CAA4A /* Release */,
			);
			defaultConfigurationIsVisible = 0;
			defaultConfigurationName = Release;
		};
/* End XCConfigurationList section */

/* Begin XCVersionGroup section */
		2683C22418E16B2A005CAA4A /* _00jaargeleden.xcdatamodeld */ = {
			isa = XCVersionGroup;
			children = (
				2683C22518E16B2A005CAA4A /* _00jaargeleden.xcdatamodel */,
			);
			currentVersion = 2683C22518E16B2A005CAA4A /* _00jaargeleden.xcdatamodel */;
			path = _00jaargeleden.xcdatamodeld;
			sourceTree = "<group>";
			versionGroupType = wrapper.xcdatamodel;
		};
/* End XCVersionGroup section */
	};
	rootObject = 2683C20518E16B29005CAA4A /* Project object */;
}
